
Microsoft Visual Studio Solution File, Format Version 12.00
# Visual Studio Version 16
VisualStudioVersion = 16.0.30711.63
MinimumVisualStudioVersion = 15.0.26124.0
Project("{9A19103F-16F7-4668-BE54-9A1E7A4F7556}") = "SchoolLibrary", "SchoolLibrary\SchoolLibrary.csproj", "{C74283C0-8C60-4E48-8920-1323E26578ED}"
EndProject
Project("{9A19103F-16F7-4668-BE54-9A1E7A4F7556}") = "BlazorClient", "BlazorClient\BlazorClient.csproj", "{739ACD7C-B0CC-4570-A64A-6AC52E326FCD}"
EndProject
Global
	GlobalSection(SolutionConfigurationPlatforms) = preSolution
		Debug|Any CPU = Debug|Any CPU
		Debug|x64 = Debug|x64
		Debug|x86 = Debug|x86
		Release|Any CPU = Release|Any CPU
		Release|x64 = Release|x64
		Release|x86 = Release|x86
	EndGlobalSection
	GlobalSection(ProjectConfigurationPlatforms) = postSolution
		{C74283C0-8C60-4E48-8920-1323E26578ED}.Debug|Any CPU.ActiveCfg = Debug|Any CPU
		{C74283C0-8C60-4E48-8920-1323E26578ED}.Debug|Any CPU.Build.0 = Debug|Any CPU
		{C74283C0-8C60-4E48-8920-1323E26578ED}.Debug|x64.ActiveCfg = Debug|Any CPU
		{C74283C0-8C60-4E48-8920-1323E26578ED}.Debug|x64.Build.0 = Debug|Any CPU
		{C74283C0-8C60-4E48-8920-1323E26578ED}.Debug|x86.ActiveCfg = Debug|Any CPU
		{C74283C0-8C60-4E48-8920-1323E26578ED}.Debug|x86.Build.0 = Debug|Any CPU
		{C74283C0-8C60-4E48-8920-1323E26578ED}.Release|Any CPU.ActiveCfg = Release|Any CPU
		{C74283C0-8C60-4E48-8920-1323E26578ED}.Release|Any CPU.Build.0 = Release|Any CPU
		{C74283C0-8C60-4E48-8920-1323E26578ED}.Release|x64.ActiveCfg = Release|Any CPU
		{C74283C0-8C60-4E48-8920-1323E26578ED}.Release|x64.Build.0 = Release|Any CPU
		{C74283C0-8C60-4E48-8920-1323E26578ED}.Release|x86.ActiveCfg = Release|Any CPU
		{C74283C0-8C60-4E48-8920-1323E26578ED}.Release|x86.Build.0 = Release|Any CPU
		{739ACD7C-B0CC-4570-A64A-6AC52E326FCD}.Debug|Any CPU.ActiveCfg = Debug|Any CPU
		{739ACD7C-B0CC-4570-A64A-6AC52E326FCD}.Debug|Any CPU.Build.0 = Debug|Any CPU
		{739ACD7C-B0CC-4570-A64A-6AC52E326FCD}.Debug|x64.ActiveCfg = Debug|Any CPU
		{739ACD7C-B0CC-4570-A64A-6AC52E326FCD}.Debug|x64.Build.0 = Debug|Any CPU
		{739ACD7C-B0CC-4570-A64A-6AC52E326FCD}.Debug|x86.ActiveCfg = Debug|Any CPU
		{739ACD7C-B0CC-4570-A64A-6AC52E326FCD}.Debug|x86.Build.0 = Debug|Any CPU
		{739ACD7C-B0CC-4570-A64A-6AC52E326FCD}.Release|Any CPU.ActiveCfg = Release|Any CPU
		{739ACD7C-B0CC-4570-A64A-6AC52E326FCD}.Release|Any CPU.Build.0 = Release|Any CPU
		{739ACD7C-B0CC-4570-A64A-6AC52E326FCD}.Release|x64.ActiveCfg = Release|Any CPU
		{739ACD7C-B0CC-4570-A64A-6AC52E326FCD}.Release|x64.Build.0 = Release|Any CPU
		{739ACD7C-B0CC-4570-A64A-6AC52E326FCD}.Release|x86.ActiveCfg = Release|Any CPU
		{739ACD7C-B0CC-4570-A64A-6AC52E326FCD}.Release|x86.Build.0 = Release|Any CPU
	EndGlobalSection
	GlobalSection(SolutionProperties) = preSolution
		HideSolutionNode = FALSE
	EndGlobalSection
	GlobalSection(ExtensibilityGlobals) = postSolution
		SolutionGuid = {7E457011-5D41-44D1-9FAF-2C0D87DC0B44}
	EndGlobalSection
EndGlobal
